
Microsoft Visual Studio Solution File, Format Version 12.00
# Visual Studio Version 16
VisualStudioVersion = 16.0.31424.327
MinimumVisualStudioVersion = 10.0.40219.1
Project("{8BC9CEB8-8B4A-11D0-8D11-00A0C91BC942}") = "Flight_Over_Landscape", "Flight_Over_Landscape\Flight_Over_Landscape.vcxproj", "{8C079937-9012-41C7-9E14-F00FF1A0A102}"
EndProject
Global
	GlobalSection(SolutionConfigurationPlatforms) = preSolution
		Debug|x64 = Debug|x64
		Debug|x86 = Debug|x86
		Release|x64 = Release|x64
		Release|x86 = Release|x86
	EndGlobalSection
	GlobalSection(ProjectConfigurationPlatforms) = postSolution
		{8C079937-9012-41C7-9E14-F00FF1A0A102}.Debug|x64.ActiveCfg = Debug|x64
		{8C079937-9012-41C7-9E14-F00FF1A0A102}.Debug|x64.Build.0 = Debug|x64
		{8C079937-9012-41C7-9E14-F00FF1A0A102}.Debug|x86.ActiveCfg = Debug|Win32
		{8C079937-9012-41C7-9E14-F00FF1A0A102}.Debug|x86.Build.0 = Debug|Win32
		{8C079937-9012-41C7-9E14-F00FF1A0A102}.Release|x64.ActiveCfg = Release|x64
		{8C079937-9012-41C7-9E14-F00FF1A0A102}.Release|x64.Build.0 = Release|x64
		{8C079937-9012-41C7-9E14-F00FF1A0A102}.Release|x86.ActiveCfg = Release|Win32
		{8C079937-9012-41C7-9E14-F00FF1A0A102}.Release|x86.Build.0 = Release|Win32
	EndGlobalSection
	GlobalSection(SolutionProperties) = preSolution
		HideSolutionNode = FALSE
	EndGlobalSection
	GlobalSection(ExtensibilityGlobals) = postSolution
		SolutionGuid = {CDE095BF-3B49-42E8-B899-740767795F35}
	EndGlobalSection
EndGlobal
